
Microsoft Visual Studio Solution File, Format Version 12.00
# Visual Studio 15
VisualStudioVersion = 15.0.28010.2003
MinimumVisualStudioVersion = 10.0.40219.1
Project("{FAE04EC0-301F-11D3-BF4B-00C04F79EFBC}") = "ConsoleApp6", "ConsoleApp6\ConsoleApp6.csproj", "{3DE20D62-1DF9-4DE4-A843-0ABF44290B6A}"
EndProject
Global
	GlobalSection(SolutionConfigurationPlatforms) = preSolution
		Debug|Any CPU = Debug|Any CPU
		Release|Any CPU = Release|Any CPU
	EndGlobalSection
	GlobalSection(ProjectConfigurationPlatforms) = postSolution
		{3DE20D62-1DF9-4DE4-A843-0ABF44290B6A}.Debug|Any CPU.ActiveCfg = Debug|Any CPU
		{3DE20D62-1DF9-4DE4-A843-0ABF44290B6A}.Debug|Any CPU.Build.0 = Debug|Any CPU
		{3DE20D62-1DF9-4DE4-A843-0ABF44290B6A}.Release|Any CPU.ActiveCfg = Release|Any CPU
		{3DE20D62-1DF9-4DE4-A843-0ABF44290B6A}.Release|Any CPU.Build.0 = Release|Any CPU
	EndGlobalSection
	GlobalSection(SolutionProperties) = preSolution
		HideSolutionNode = FALSE
	EndGlobalSection
	GlobalSection(ExtensibilityGlobals) = postSolution
		SolutionGuid = {6942F1E3-F6AD-445A-9125-218AA1E6FD59}
	EndGlobalSection
EndGlobal
