
Microsoft Visual Studio Solution File, Format Version 12.00
# Visual Studio 15
VisualStudioVersion = 15.0.28010.2003
MinimumVisualStudioVersion = 10.0.40219.1
Project("{FAE04EC0-301F-11D3-BF4B-00C04F79EFBC}") = "Intro Recap_Jhermansen", "Intro Recap_Jhermansen\Intro Recap_Jhermansen.csproj", "{0189A472-38F3-4D6E-A8F4-2929C9CC1980}"
EndProject
Global
	GlobalSection(SolutionConfigurationPlatforms) = preSolution
		Debug|Any CPU = Debug|Any CPU
		Release|Any CPU = Release|Any CPU
	EndGlobalSection
	GlobalSection(ProjectConfigurationPlatforms) = postSolution
		{0189A472-38F3-4D6E-A8F4-2929C9CC1980}.Debug|Any CPU.ActiveCfg = Debug|Any CPU
		{0189A472-38F3-4D6E-A8F4-2929C9CC1980}.Debug|Any CPU.Build.0 = Debug|Any CPU
		{0189A472-38F3-4D6E-A8F4-2929C9CC1980}.Release|Any CPU.ActiveCfg = Release|Any CPU
		{0189A472-38F3-4D6E-A8F4-2929C9CC1980}.Release|Any CPU.Build.0 = Release|Any CPU
	EndGlobalSection
	GlobalSection(SolutionProperties) = preSolution
		HideSolutionNode = FALSE
	EndGlobalSection
	GlobalSection(ExtensibilityGlobals) = postSolution
		SolutionGuid = {CBD395DA-D39A-42A7-99AE-18BA957D5550}
	EndGlobalSection
EndGlobal
