
Microsoft Visual Studio Solution File, Format Version 12.00
# Visual Studio 15
VisualStudioVersion = 15.0.28010.2003
MinimumVisualStudioVersion = 10.0.40219.1
Project("{FAE04EC0-301F-11D3-BF4B-00C04F79EFBC}") = "Random number comments", "Random number comments\Random number comments.csproj", "{A7E5A690-4CB0-46C6-9268-8ED3E666CC2C}"
EndProject
Global
	GlobalSection(SolutionConfigurationPlatforms) = preSolution
		Debug|Any CPU = Debug|Any CPU
		Release|Any CPU = Release|Any CPU
	EndGlobalSection
	GlobalSection(ProjectConfigurationPlatforms) = postSolution
		{A7E5A690-4CB0-46C6-9268-8ED3E666CC2C}.Debug|Any CPU.ActiveCfg = Debug|Any CPU
		{A7E5A690-4CB0-46C6-9268-8ED3E666CC2C}.Debug|Any CPU.Build.0 = Debug|Any CPU
		{A7E5A690-4CB0-46C6-9268-8ED3E666CC2C}.Release|Any CPU.ActiveCfg = Release|Any CPU
		{A7E5A690-4CB0-46C6-9268-8ED3E666CC2C}.Release|Any CPU.Build.0 = Release|Any CPU
	EndGlobalSection
	GlobalSection(SolutionProperties) = preSolution
		HideSolutionNode = FALSE
	EndGlobalSection
	GlobalSection(ExtensibilityGlobals) = postSolution
		SolutionGuid = {D966532B-0AB9-4293-B096-3BDB13ABE98C}
	EndGlobalSection
EndGlobal
